
Microsoft Visual Studio Solution File, Format Version 12.00
# Visual Studio Version 17
VisualStudioVersion = 17.0.31903.59
MinimumVisualStudioVersion = 10.0.40219.1
Project("{2150E333-8FDC-42A3-9474-1A3956D46DE8}") = "src", "src", "{827E0CD3-B72D-47B6-A68D-7590B98EB39B}"
EndProject
Project("{FAE04EC0-301F-11D3-BF4B-00C04F79EFBC}") = "MicroservicesAspire.AppHost", "src\MicroservicesAspire.AppHost\MicroservicesAspire.AppHost.csproj", "{9D5BC71E-7E4D-46EB-966A-A7A2D0918838}"
EndProject
Project("{FAE04EC0-301F-11D3-BF4B-00C04F79EFBC}") = "MicroservicesAspire.ServiceDefaults", "src\MicroservicesAspire.ServiceDefaults\MicroservicesAspire.ServiceDefaults.csproj", "{3E60274C-6FF4-4E0A-B7A9-DF0223AA11E2}"
EndProject
Project("{FAE04EC0-301F-11D3-BF4B-00C04F79EFBC}") = "Catalog.Api", "src\Catalog.Api\Catalog.Api.csproj", "{0DA707D3-1E0C-42C7-A5B6-172B0A378A48}"
EndProject
Project("{FAE04EC0-301F-11D3-BF4B-00C04F79EFBC}") = "Orders.Api", "src\Orders.Api\Orders.Api.csproj", "{8F9CB2E6-5974-4C82-B09E-735104C4EB7A}"
EndProject
Global
	GlobalSection(SolutionConfigurationPlatforms) = preSolution
		Debug|Any CPU = Debug|Any CPU
		Debug|x64 = Debug|x64
		Debug|x86 = Debug|x86
		Release|Any CPU = Release|Any CPU
		Release|x64 = Release|x64
		Release|x86 = Release|x86
	EndGlobalSection
	GlobalSection(ProjectConfigurationPlatforms) = postSolution
		{9D5BC71E-7E4D-46EB-966A-A7A2D0918838}.Debug|Any CPU.ActiveCfg = Debug|Any CPU
		{9D5BC71E-7E4D-46EB-966A-A7A2D0918838}.Debug|Any CPU.Build.0 = Debug|Any CPU
		{9D5BC71E-7E4D-46EB-966A-A7A2D0918838}.Debug|x64.ActiveCfg = Debug|Any CPU
		{9D5BC71E-7E4D-46EB-966A-A7A2D0918838}.Debug|x64.Build.0 = Debug|Any CPU
		{9D5BC71E-7E4D-46EB-966A-A7A2D0918838}.Debug|x86.ActiveCfg = Debug|Any CPU
		{9D5BC71E-7E4D-46EB-966A-A7A2D0918838}.Debug|x86.Build.0 = Debug|Any CPU
		{9D5BC71E-7E4D-46EB-966A-A7A2D0918838}.Release|Any CPU.ActiveCfg = Release|Any CPU
		{9D5BC71E-7E4D-46EB-966A-A7A2D0918838}.Release|Any CPU.Build.0 = Release|Any CPU
		{9D5BC71E-7E4D-46EB-966A-A7A2D0918838}.Release|x64.ActiveCfg = Release|Any CPU
		{9D5BC71E-7E4D-46EB-966A-A7A2D0918838}.Release|x64.Build.0 = Release|Any CPU
		{9D5BC71E-7E4D-46EB-966A-A7A2D0918838}.Release|x86.ActiveCfg = Release|Any CPU
		{9D5BC71E-7E4D-46EB-966A-A7A2D0918838}.Release|x86.Build.0 = Release|Any CPU
		{3E60274C-6FF4-4E0A-B7A9-DF0223AA11E2}.Debug|Any CPU.ActiveCfg = Debug|Any CPU
		{3E60274C-6FF4-4E0A-B7A9-DF0223AA11E2}.Debug|Any CPU.Build.0 = Debug|Any CPU
		{3E60274C-6FF4-4E0A-B7A9-DF0223AA11E2}.Debug|x64.ActiveCfg = Debug|Any CPU
		{3E60274C-6FF4-4E0A-B7A9-DF0223AA11E2}.Debug|x64.Build.0 = Debug|Any CPU
		{3E60274C-6FF4-4E0A-B7A9-DF0223AA11E2}.Debug|x86.ActiveCfg = Debug|Any CPU
		{3E60274C-6FF4-4E0A-B7A9-DF0223AA11E2}.Debug|x86.Build.0 = Debug|Any CPU
		{3E60274C-6FF4-4E0A-B7A9-DF0223AA11E2}.Release|Any CPU.ActiveCfg = Release|Any CPU
		{3E60274C-6FF4-4E0A-B7A9-DF0223AA11E2}.Release|Any CPU.Build.0 = Release|Any CPU
		{3E60274C-6FF4-4E0A-B7A9-DF0223AA11E2}.Release|x64.ActiveCfg = Release|Any CPU
		{3E60274C-6FF4-4E0A-B7A9-DF0223AA11E2}.Release|x64.Build.0 = Release|Any CPU
		{3E60274C-6FF4-4E0A-B7A9-DF0223AA11E2}.Release|x86.ActiveCfg = Release|Any CPU
		{3E60274C-6FF4-4E0A-B7A9-DF0223AA11E2}.Release|x86.Build.0 = Release|Any CPU
		{0DA707D3-1E0C-42C7-A5B6-172B0A378A48}.Debug|Any CPU.ActiveCfg = Debug|Any CPU
		{0DA707D3-1E0C-42C7-A5B6-172B0A378A48}.Debug|Any CPU.Build.0 = Debug|Any CPU
		{0DA707D3-1E0C-42C7-A5B6-172B0A378A48}.Debug|x64.ActiveCfg = Debug|Any CPU
		{0DA707D3-1E0C-42C7-A5B6-172B0A378A48}.Debug|x64.Build.0 = Debug|Any CPU
		{0DA707D3-1E0C-42C7-A5B6-172B0A378A48}.Debug|x86.ActiveCfg = Debug|Any CPU
		{0DA707D3-1E0C-42C7-A5B6-172B0A378A48}.Debug|x86.Build.0 = Debug|Any CPU
		{0DA707D3-1E0C-42C7-A5B6-172B0A378A48}.Release|Any CPU.ActiveCfg = Release|Any CPU
		{0DA707D3-1E0C-42C7-A5B6-172B0A378A48}.Release|Any CPU.Build.0 = Release|Any CPU
		{0DA707D3-1E0C-42C7-A5B6-172B0A378A48}.Release|x64.ActiveCfg = Release|Any CPU
		{0DA707D3-1E0C-42C7-A5B6-172B0A378A48}.Release|x64.Build.0 = Release|Any CPU
		{0DA707D3-1E0C-42C7-A5B6-172B0A378A48}.Release|x86.ActiveCfg = Release|Any CPU
		{0DA707D3-1E0C-42C7-A5B6-172B0A378A48}.Release|x86.Build.0 = Release|Any CPU
		{8F9CB2E6-5974-4C82-B09E-735104C4EB7A}.Debug|Any CPU.ActiveCfg = Debug|Any CPU
		{8F9CB2E6-5974-4C82-B09E-735104C4EB7A}.Debug|Any CPU.Build.0 = Debug|Any CPU
		{8F9CB2E6-5974-4C82-B09E-735104C4EB7A}.Debug|x64.ActiveCfg = Debug|Any CPU
		{8F9CB2E6-5974-4C82-B09E-735104C4EB7A}.Debug|x64.Build.0 = Debug|Any CPU
		{8F9CB2E6-5974-4C82-B09E-735104C4EB7A}.Debug|x86.ActiveCfg = Debug|Any CPU
		{8F9CB2E6-5974-4C82-B09E-735104C4EB7A}.Debug|x86.Build.0 = Debug|Any CPU
		{8F9CB2E6-5974-4C82-B09E-735104C4EB7A}.Release|Any CPU.ActiveCfg = Release|Any CPU
		{8F9CB2E6-5974-4C82-B09E-735104C4EB7A}.Release|Any CPU.Build.0 = Release|Any CPU
		{8F9CB2E6-5974-4C82-B09E-735104C4EB7A}.Release|x64.ActiveCfg = Release|Any CPU
		{8F9CB2E6-5974-4C82-B09E-735104C4EB7A}.Release|x64.Build.0 = Release|Any CPU
		{8F9CB2E6-5974-4C82-B09E-735104C4EB7A}.Release|x86.ActiveCfg = Release|Any CPU
		{8F9CB2E6-5974-4C82-B09E-735104C4EB7A}.Release|x86.Build.0 = Release|Any CPU
	EndGlobalSection
	GlobalSection(SolutionProperties) = preSolution
		HideSolutionNode = FALSE
	EndGlobalSection
	GlobalSection(NestedProjects) = preSolution
		{9D5BC71E-7E4D-46EB-966A-A7A2D0918838} = {827E0CD3-B72D-47B6-A68D-7590B98EB39B}
		{3E60274C-6FF4-4E0A-B7A9-DF0223AA11E2} = {827E0CD3-B72D-47B6-A68D-7590B98EB39B}
		{0DA707D3-1E0C-42C7-A5B6-172B0A378A48} = {827E0CD3-B72D-47B6-A68D-7590B98EB39B}
		{8F9CB2E6-5974-4C82-B09E-735104C4EB7A} = {827E0CD3-B72D-47B6-A68D-7590B98EB39B}
	EndGlobalSection
EndGlobal
